{
  "name": "@uplo/utils",
  "version": "0.1.0",
  "lockfileVersion": 2,
  "requires": true,
  "packages": {
    "": {
      "name": "@uplo/utils",
      "version": "0.1.0",
      "license": "MIT",
      "dependencies": {
        "@tinyhttp/content-disposition": "^1.3.0"
      }
    },
    "node_modules/@tinyhttp/content-disposition": {
      "version": "1.3.0",
      "resolved": "https://registry.npmjs.org/@tinyhttp/content-disposition/-/content-disposition-1.3.0.tgz",
      "integrity": "sha512-sSj7YDVz7NcHDn6/O/I3WjtC8ZWJKKIGULoV+pgrLvJvtXK5WroE1Fm8rHRQewh2d9NMajh/7NX6NuSlF8LUaQ==",
      "engines": {
        "node": ">=12.4.0"
      },
      "funding": {
        "type": "individual",
        "url": "https://github.com/talentlessguy/tinyhttp?sponsor=1"
      }
    }
  },
  "dependencies": {
    "@tinyhttp/content-disposition": {
      "version": "1.3.0",
      "resolved": "https://registry.npmjs.org/@tinyhttp/content-disposition/-/content-disposition-1.3.0.tgz",
      "integrity": "sha512-sSj7YDVz7NcHDn6/O/I3WjtC8ZWJKKIGULoV+pgrLvJvtXK5WroE1Fm8rHRQewh2d9NMajh/7NX6NuSlF8LUaQ=="
    }
  }
}
